{
    "_meta": {
        "hash": {
            "sha256": "cb456aab9a9addb5f113abb7cd341286ace2aad40ef4c6bbaf8f7fd249306bac"
        },
        "pipfile-spec": 6,
        "requires": {
            "python_version": "3.10"
        },
        "sources": [
            {
                "name": "pypi",
                "url": "https://pypi.org/simple",
                "verify_ssl": true
            }
        ]
    },
    "default": {
        "aiosqlite": {
            "hashes": [
                "sha256:6c49dc6d3405929b1d08eeccc72306d3677503cc5e5e43771efc1e00232e8231",
                "sha256:f0e6acc24bc4864149267ac82fb46dfb3be4455f99fe21df82609cc6e6baee51"
            ],
            "markers": "python_version >= '3.6'",
            "version": "==0.17.0"
        },
        "anyio": {
            "hashes": [
                "sha256:413adf95f93886e442aea925f3ee43baa5a765a64a0f52c6081894f9992fdd0b",
                "sha256:cb29b9c70620506a9a8f87a309591713446953302d7d995344d0d7c6c0c9a7be"
            ],
            "markers": "python_full_version >= '3.6.2'",
            "version": "==3.6.1"
        },
        "asyncpg": {
            "hashes": [
                "sha256:0a61fb196ce4dae2f2fa26eb20a778db21bbee484d2e798cb3cc988de13bdd1b",
                "sha256:18d49e2d93a7139a2fdbd113e320cc47075049997268a61bfbe0dde680c55471",
                "sha256:191fe6341385b7fdea7dbdcf47fd6db3fd198827dcc1f2b228476d13c05a03c6",
                "sha256:1a70783f6ffa34cc7dd2de20a873181414a34fd35a4a208a1f1a7f9f695e4ec4",
                "sha256:2633331cbc8429030b4f20f712f8d0fbba57fa8555ee9b2f45f981b81328b256",
                "sha256:2bc197fc4aca2fd24f60241057998124012469d2e414aed3f992579db0c88e3a",
                "sha256:4327f691b1bdb222df27841938b3e04c14068166b3a97491bec2cb982f49f03e",
                "sha256:43cde84e996a3afe75f325a68300093425c2f47d340c0fc8912765cf24a1c095",
                "sha256:52fab7f1b2c29e187dd8781fce896249500cf055b63471ad66332e537e9b5f7e",
                "sha256:56d88d7ef4341412cd9c68efba323a4519c916979ba91b95d4c08799d2ff0c09",
                "sha256:5e4105f57ad1e8fbc8b1e535d8fcefa6ce6c71081228f08680c6dea24384ff0e",
                "sha256:63f8e6a69733b285497c2855464a34de657f2cccd25aeaeeb5071872e9382540",
                "sha256:649e2966d98cc48d0646d9a4e29abecd8b59d38d55c256d5c857f6b27b7407ac",
                "sha256:6f8f5fc975246eda83da8031a14004b9197f510c41511018e7b1bedde6968e92",
                "sha256:72a1e12ea0cf7c1e02794b697e3ca967b2360eaa2ce5d4bfdd8604ec2d6b774b",
                "sha256:739bbd7f89a2b2f6bc44cb8bf967dab12c5bc714fcbe96e68d512be45ecdf962",
                "sha256:863d36eba4a7caa853fd7d83fad5fd5306f050cc2fe6e54fbe10cdb30420e5e9",
                "sha256:a738f1b2876f30d710d3dc1e7858160a0afe1603ba16bf5f391f5316eb0ed855",
                "sha256:a84d30e6f850bac0876990bcd207362778e2208df0bee8be8da9f1558255e634",
                "sha256:acb311722352152936e58a8ee3c5b8e791b24e84cd7d777c414ff05b3530ca68",
                "sha256:beaecc52ad39614f6ca2e48c3ca15d56e24a2c15cbfdcb764a4320cc45f02fd5",
                "sha256:bf5e3408a14a17d480f36ebaf0401a12ff6ae5457fdf45e4e2775c51cc9517d3",
                "sha256:bf6dc9b55b9113f39eaa2057337ce3f9ef7de99a053b8a16360395ce588925cd",
                "sha256:ddb4c3263a8d63dcde3d2c4ac1c25206bfeb31fa83bd70fd539e10f87739dee4",
                "sha256:f55918ded7b85723a5eaeb34e86e7b9280d4474be67df853ab5a7fa0cc7c6bf2",
                "sha256:fe471ccd915b739ca65e2e4dbd92a11b44a5b37f2e38f70827a1c147dafe0fa8"
            ],
            "index": "pypi",
            "version": "==0.25.0"
        },
        "click": {
            "hashes": [
                "sha256:7682dc8afb30297001674575ea00d1814d808d6a36af415a82bd481d37ba7b8e",
                "sha256:bb4d8133cb15a609f44e8213d9b391b0809795062913b383c62be0ee95b1db48"
            ],
            "markers": "python_version >= '3.7'",
            "version": "==8.1.3"
        },
        "h11": {
            "hashes": [
                "sha256:70813c1135087a248a4d38cc0e1a0181ffab2188141a93eaf567940c3957ff06",
                "sha256:8ddd78563b633ca55346c8cd41ec0af27d3c79931828beffb46ce70a379e7442"
            ],
            "markers": "python_version >= '3.6'",
            "version": "==0.13.0"
        },
        "idna": {
            "hashes": [
                "sha256:84d9dd047ffa80596e0f246e2eab0b391788b0503584e8945f2368256d2735ff",
                "sha256:9d643ff0a55b762d5cdb124b8eaa99c66322e2157b69160bc32796e824360e6d"
            ],
            "markers": "python_version >= '3.5'",
            "version": "==3.3"
        },
        "iso8601": {
            "hashes": [
                "sha256:27f503220e6845d9db954fb212b95b0362d8b7e6c1b2326a87061c3de93594b1",
                "sha256:d7bc01b1c2a43b259570bb307f057abc578786ea734ba2b87b836c5efc5bd443"
            ],
            "markers": "python_version < '4.0' and python_full_version >= '3.6.2'",
            "version": "==1.0.2"
        },
        "orjson": {
            "hashes": [
                "sha256:04468b96014ff953a0bc0db8ae89de4df33b5008cfa25de200deb7483eebdaa8",
                "sha256:0893ff1e7952267b7e54062b9ceee670da81e52825d81f04473a40a88239200c",
                "sha256:16acac2ba4ab747acc1a8b3c72487d0a88031925f5a8662fa2dc25d812edaf10",
                "sha256:215102b89fec7e3f8a760a6667fee3ec9fd3f1e2a89293265141e884c5a239f5",
                "sha256:2e19f12762ef7693999197be1860df204589f4e907d3a7c76ad6aa764ee94877",
                "sha256:314ae3957a096baf0d58f9650e062bc6d1a3e554f7c8847b19cb9846134bcf62",
                "sha256:3202dafd6d54950b89eb872a74152f74440bc010bd5675eac39a31f940c5c545",
                "sha256:376248b40b7c917c563311af1ce511f9e01c7e982bdf5c01d1287f7d9672cf95",
                "sha256:383ee9124f585cf75fc5fdfa01497fe89c0667b1d72c22bed2a07904bfb3d09d",
                "sha256:3caade3cea3003263cb87f2c193e9dcdc82e83ae936631a494f980f677fc8a46",
                "sha256:47c9d2b3f993b630b1efa58ad128b5d8a61cd7cd5c0cec8dad043a1ab9d02866",
                "sha256:4b0ab07bdc34fa54c56ab385926aadb89b6106498ed762297418189d97cc6c43",
                "sha256:57a0e86d59c61b8cf91d84a9959b4c7f903d1243cee9b3d269aa5ea65ce2686f",
                "sha256:5e3c1373b069fe10cb5e84c1df12a89e1a40b04d95af1ea0e113ce9dc455db53",
                "sha256:65a8d18fdaee45807b8bd7ead2898293d23d4d766cf42d63022a40758591a707",
                "sha256:7316ea00623121178139240fddc0bc2de3f730b0d93081c7f5c6780eea75417b",
                "sha256:76e91ea4c73a9e28924bb2e1f8ebd29b969b7b3d4b6c30e17b408c36d5f79f46",
                "sha256:78e23d0491a54d3a3cf658ee7e62134d96436850bbc6eb199e3a2514444de785",
                "sha256:828f4767fda30faeed7adaa2d004b400fb55d5ca3b8127ee053e9d62addadc16",
                "sha256:88a8be38e9be7cbc1227e3b4d946b5e9d3586149f92f5b78ce7a85b1c247e00c",
                "sha256:8d0983147121e9e87dddda7997c08331fdf0b26fad22a11e11bfc333169bb305",
                "sha256:928e1120057cea1f9a931740c840e0faeaf019ed3df767c499450057c3f878b7",
                "sha256:9be3b6411a6ca75aa255f1d0139d36bdce80159738932d7311abaa82e28f2021",
                "sha256:a4a221479e6b52305ce572e9a8403bbc47815ef1ed1c41d378f4de8efaa7b57c",
                "sha256:ad035d250d438cfd2a1d38dd54d5b800ca67290a89e14b5345c55b2fb0e186e0",
                "sha256:bd46103e9d60a87e9497ccb72b6a32d0f12586d0abcd1a5a5a375bacad3b5f50",
                "sha256:bfa8d3412d1f73d8cceb5ce96cfb50ba897d3bc9acc5e2e13240a94a75fcdbdc",
                "sha256:c124fffb72a9393f21ba27519e8a619d473b6b94c591045a8a206344425e2093",
                "sha256:c63bbea3fe5087b4586cd94393ecc368c7cd62018c9470e0175a483ebbcf2a8c",
                "sha256:d444bb261b6ce58ab7c3998cbb72a0ca2b7b4d1e120e4e22b4d2c4a927960ca6",
                "sha256:d849b269a55564821b64f3e781b2e7746fb5c39f28bfe27cf6330a43eb89ed2b",
                "sha256:d89e26508e50551acd97c96780be6ba7c755997985d5143c9222daab014f1bc2",
                "sha256:dca21c76552b0b539b38121ffd397e129af6b2b0d9c586a96e33652691d3e87d",
                "sha256:e481c8511bab48dbc2db7389944fa85b95fabceec6693fa5f0876cea4910cf73",
                "sha256:ed1ff20a4ee6571e2a4a432e2d4a6ad82cbc6a698acf860b5ceb066fdae3b859",
                "sha256:fad043bd582ad4e9177d4d32173c3d388a0ab5a71ab51ce5a01aaee8ddf338d4",
                "sha256:fcdef342b0a810a15a559208b24f13198ce2252a441868e0265bdb82ba85b1eb"
            ],
            "index": "pypi",
            "version": "==3.7.5"
        },
        "pypika-tortoise": {
            "hashes": [
                "sha256:23d993558e3005ac7f7f2865d9add3d8168097f45246f8844fa46d6682a99d90",
                "sha256:2e2f747bfc645a25e097485651278cd7d920b709686ce54e43387ba1c9294048"
            ],
            "markers": "python_version >= '3.7' and python_version < '4.0'",
            "version": "==0.1.5"
        },
        "pytz": {
            "hashes": [
                "sha256:1e760e2fe6a8163bc0b3d9a19c4f84342afa0a2affebfaa84b01b978a02ecaa7",
                "sha256:e68985985296d9a66a881eb3193b0906246245294a881e7c8afe623866ac6a5c"
            ],
            "version": "==2022.1"
        },
        "sniffio": {
            "hashes": [
                "sha256:471b71698eac1c2112a40ce2752bb2f4a4814c22a54a3eed3676bc0f5ca9f663",
                "sha256:c4666eecec1d3f50960c6bdf61ab7bc350648da6c126e3cf6898d8cd4ddcd3de"
            ],
            "markers": "python_version >= '3.5'",
            "version": "==1.2.0"
        },
        "starlette": {
            "hashes": [
                "sha256:42fcf3122f998fefce3e2c5ad7e5edbf0f02cf685d646a83a08d404726af5084",
                "sha256:c0414d5a56297d37f3db96a84034d61ce29889b9eaccf65eb98a0b39441fcaa3"
            ],
            "index": "pypi",
            "version": "==0.20.4"
        },
        "tortoise-orm": {
            "hashes": [
                "sha256:0ff278d76bec2e41beb14ea63f99ea6d473ee9d50fef68224a51954e5b38d39f",
                "sha256:a89fef639d24cfabf1bcc43eb0b4657dbe9c277d01378a90eb2d370fb9dc03dd"
            ],
            "index": "pypi",
            "version": "==0.19.1"
        },
        "typing-extensions": {
            "hashes": [
                "sha256:25642c956049920a5aa49edcdd6ab1e06d7e5d467fc00e0506c44ac86fbfca02",
                "sha256:e6d2677a32f47fc7eb2795db1dd15c1f34eff616bcaf2cfb5e997f854fa1c4a6"
            ],
            "markers": "python_version >= '3.7'",
            "version": "==4.3.0"
        },
        "uvicorn": {
            "hashes": [
                "sha256:c19a057deb1c5bb060946e2e5c262fc01590c6529c0af2c3d9ce941e89bc30e0",
                "sha256:cade07c403c397f9fe275492a48c1b869efd175d5d8a692df649e6e7e2ed8f4e"
            ],
            "index": "pypi",
            "version": "==0.18.2"
        }
    },
    "develop": {
        "mypy": {
            "hashes": [
                "sha256:006be38474216b833eca29ff6b73e143386f352e10e9c2fbe76aa8549e5554f5",
                "sha256:03c6cc893e7563e7b2949b969e63f02c000b32502a1b4d1314cabe391aa87d66",
                "sha256:0e9f70df36405c25cc530a86eeda1e0867863d9471fe76d1273c783df3d35c2e",
                "sha256:1ece702f29270ec6af25db8cf6185c04c02311c6bb21a69f423d40e527b75c56",
                "sha256:3e09f1f983a71d0672bbc97ae33ee3709d10c779beb613febc36805a6e28bb4e",
                "sha256:439c726a3b3da7ca84a0199a8ab444cd8896d95012c4a6c4a0d808e3147abf5d",
                "sha256:5a0b53747f713f490affdceef835d8f0cb7285187a6a44c33821b6d1f46ed813",
                "sha256:5f1332964963d4832a94bebc10f13d3279be3ce8f6c64da563d6ee6e2eeda932",
                "sha256:63e85a03770ebf403291ec50097954cc5caf2a9205c888ce3a61bd3f82e17569",
                "sha256:64759a273d590040a592e0f4186539858c948302c653c2eac840c7a3cd29e51b",
                "sha256:697540876638ce349b01b6786bc6094ccdaba88af446a9abb967293ce6eaa2b0",
                "sha256:9940e6916ed9371809b35b2154baf1f684acba935cd09928952310fbddaba648",
                "sha256:9f5f5a74085d9a81a1f9c78081d60a0040c3efb3f28e5c9912b900adf59a16e6",
                "sha256:a5ea0875a049de1b63b972456542f04643daf320d27dc592d7c3d9cd5d9bf950",
                "sha256:b117650592e1782819829605a193360a08aa99f1fc23d1d71e1a75a142dc7e15",
                "sha256:b24be97351084b11582fef18d79004b3e4db572219deee0212078f7cf6352723",
                "sha256:b88f784e9e35dcaa075519096dc947a388319cb86811b6af621e3523980f1c8a",
                "sha256:bdd5ca340beffb8c44cb9dc26697628d1b88c6bddf5c2f6eb308c46f269bb6f3",
                "sha256:d5aaf1edaa7692490f72bdb9fbd941fbf2e201713523bdb3f4038be0af8846c6",
                "sha256:e999229b9f3198c0c880d5e269f9f8129c8862451ce53a011326cad38b9ccd24",
                "sha256:f4a21d01fc0ba4e31d82f0fff195682e29f9401a8bdb7173891070eb260aeb3b",
                "sha256:f4b794db44168a4fc886e3450201365c9526a522c46ba089b55e1f11c163750d",
                "sha256:f730d56cb924d371c26b8eaddeea3cc07d78ff51c521c6d04899ac6904b75492"
            ],
            "index": "pypi",
            "version": "==0.961"
        },
        "mypy-extensions": {
            "hashes": [
                "sha256:090fedd75945a69ae91ce1303b5824f428daf5a028d2f6ab8a299250a846f15d",
                "sha256:2d82818f5bb3e369420cb3c4060a7970edba416647068eb4c5343488a6c604a8"
            ],
            "version": "==0.4.3"
        },
        "tomli": {
            "hashes": [
                "sha256:939de3e7a6161af0c887ef91b7d41a53e7c5a1ca976325f429cb46ea9bc30ecc",
                "sha256:de526c12914f0c550d15924c62d72abc48d6fe7364aa87328337a31007fe8a4f"
            ],
            "markers": "python_version < '3.11'",
            "version": "==2.0.1"
        },
        "typing-extensions": {
            "hashes": [
                "sha256:25642c956049920a5aa49edcdd6ab1e06d7e5d467fc00e0506c44ac86fbfca02",
                "sha256:e6d2677a32f47fc7eb2795db1dd15c1f34eff616bcaf2cfb5e997f854fa1c4a6"
            ],
            "markers": "python_version >= '3.7'",
            "version": "==4.3.0"
        }
    }
}
