{
    "_meta": {
        "hash": {
            "sha256": "81f6a0f4e472863031286fd2722403c554f8c0f0fb47d395122cd7889c6c41a4"
        },
        "pipfile-spec": 6,
        "requires": {
            "python_version": "3.10"
        },
        "sources": [
            {
                "name": "pypi",
                "url": "https://pypi.org/simple",
                "verify_ssl": true
            }
        ]
    },
    "default": {
        "aiosqlite": {
            "hashes": [
                "sha256:6c49dc6d3405929b1d08eeccc72306d3677503cc5e5e43771efc1e00232e8231",
                "sha256:f0e6acc24bc4864149267ac82fb46dfb3be4455f99fe21df82609cc6e6baee51"
            ],
            "markers": "python_full_version >= '3.6.0'",
            "version": "==0.17.0"
        },
        "anyio": {
            "hashes": [
                "sha256:413adf95f93886e442aea925f3ee43baa5a765a64a0f52c6081894f9992fdd0b",
                "sha256:cb29b9c70620506a9a8f87a309591713446953302d7d995344d0d7c6c0c9a7be"
            ],
            "markers": "python_full_version >= '3.6.2'",
            "version": "==3.6.1"
        },
        "asyncpg": {
            "hashes": [
                "sha256:0a61fb196ce4dae2f2fa26eb20a778db21bbee484d2e798cb3cc988de13bdd1b",
                "sha256:18d49e2d93a7139a2fdbd113e320cc47075049997268a61bfbe0dde680c55471",
                "sha256:191fe6341385b7fdea7dbdcf47fd6db3fd198827dcc1f2b228476d13c05a03c6",
                "sha256:1a70783f6ffa34cc7dd2de20a873181414a34fd35a4a208a1f1a7f9f695e4ec4",
                "sha256:2633331cbc8429030b4f20f712f8d0fbba57fa8555ee9b2f45f981b81328b256",
                "sha256:2bc197fc4aca2fd24f60241057998124012469d2e414aed3f992579db0c88e3a",
                "sha256:4327f691b1bdb222df27841938b3e04c14068166b3a97491bec2cb982f49f03e",
                "sha256:43cde84e996a3afe75f325a68300093425c2f47d340c0fc8912765cf24a1c095",
                "sha256:52fab7f1b2c29e187dd8781fce896249500cf055b63471ad66332e537e9b5f7e",
                "sha256:56d88d7ef4341412cd9c68efba323a4519c916979ba91b95d4c08799d2ff0c09",
                "sha256:5e4105f57ad1e8fbc8b1e535d8fcefa6ce6c71081228f08680c6dea24384ff0e",
                "sha256:63f8e6a69733b285497c2855464a34de657f2cccd25aeaeeb5071872e9382540",
                "sha256:649e2966d98cc48d0646d9a4e29abecd8b59d38d55c256d5c857f6b27b7407ac",
                "sha256:6f8f5fc975246eda83da8031a14004b9197f510c41511018e7b1bedde6968e92",
                "sha256:72a1e12ea0cf7c1e02794b697e3ca967b2360eaa2ce5d4bfdd8604ec2d6b774b",
                "sha256:739bbd7f89a2b2f6bc44cb8bf967dab12c5bc714fcbe96e68d512be45ecdf962",
                "sha256:863d36eba4a7caa853fd7d83fad5fd5306f050cc2fe6e54fbe10cdb30420e5e9",
                "sha256:a738f1b2876f30d710d3dc1e7858160a0afe1603ba16bf5f391f5316eb0ed855",
                "sha256:a84d30e6f850bac0876990bcd207362778e2208df0bee8be8da9f1558255e634",
                "sha256:acb311722352152936e58a8ee3c5b8e791b24e84cd7d777c414ff05b3530ca68",
                "sha256:beaecc52ad39614f6ca2e48c3ca15d56e24a2c15cbfdcb764a4320cc45f02fd5",
                "sha256:bf5e3408a14a17d480f36ebaf0401a12ff6ae5457fdf45e4e2775c51cc9517d3",
                "sha256:bf6dc9b55b9113f39eaa2057337ce3f9ef7de99a053b8a16360395ce588925cd",
                "sha256:ddb4c3263a8d63dcde3d2c4ac1c25206bfeb31fa83bd70fd539e10f87739dee4",
                "sha256:f55918ded7b85723a5eaeb34e86e7b9280d4474be67df853ab5a7fa0cc7c6bf2",
                "sha256:fe471ccd915b739ca65e2e4dbd92a11b44a5b37f2e38f70827a1c147dafe0fa8"
            ],
            "index": "pypi",
            "version": "==0.25.0"
        },
        "click": {
            "hashes": [
                "sha256:7682dc8afb30297001674575ea00d1814d808d6a36af415a82bd481d37ba7b8e",
                "sha256:bb4d8133cb15a609f44e8213d9b391b0809795062913b383c62be0ee95b1db48"
            ],
            "markers": "python_version >= '3.7'",
            "version": "==8.1.3"
        },
        "h11": {
            "hashes": [
                "sha256:70813c1135087a248a4d38cc0e1a0181ffab2188141a93eaf567940c3957ff06",
                "sha256:8ddd78563b633ca55346c8cd41ec0af27d3c79931828beffb46ce70a379e7442"
            ],
            "markers": "python_full_version >= '3.6.0'",
            "version": "==0.13.0"
        },
        "idna": {
            "hashes": [
                "sha256:84d9dd047ffa80596e0f246e2eab0b391788b0503584e8945f2368256d2735ff",
                "sha256:9d643ff0a55b762d5cdb124b8eaa99c66322e2157b69160bc32796e824360e6d"
            ],
            "markers": "python_version >= '3.5'",
            "version": "==3.3"
        },
        "iso8601": {
            "hashes": [
                "sha256:27f503220e6845d9db954fb212b95b0362d8b7e6c1b2326a87061c3de93594b1",
                "sha256:d7bc01b1c2a43b259570bb307f057abc578786ea734ba2b87b836c5efc5bd443"
            ],
            "markers": "python_full_version >= '3.6.2' and python_version < '4.0'",
            "version": "==1.0.2"
        },
        "pypika-tortoise": {
            "hashes": [
                "sha256:23d993558e3005ac7f7f2865d9add3d8168097f45246f8844fa46d6682a99d90",
                "sha256:2e2f747bfc645a25e097485651278cd7d920b709686ce54e43387ba1c9294048"
            ],
            "markers": "python_version >= '3.7' and python_version < '4.0'",
            "version": "==0.1.5"
        },
        "pytz": {
            "hashes": [
                "sha256:1e760e2fe6a8163bc0b3d9a19c4f84342afa0a2affebfaa84b01b978a02ecaa7",
                "sha256:e68985985296d9a66a881eb3193b0906246245294a881e7c8afe623866ac6a5c"
            ],
            "version": "==2022.1"
        },
        "sniffio": {
            "hashes": [
                "sha256:471b71698eac1c2112a40ce2752bb2f4a4814c22a54a3eed3676bc0f5ca9f663",
                "sha256:c4666eecec1d3f50960c6bdf61ab7bc350648da6c126e3cf6898d8cd4ddcd3de"
            ],
            "markers": "python_version >= '3.5'",
            "version": "==1.2.0"
        },
        "starlette": {
            "hashes": [
                "sha256:42fcf3122f998fefce3e2c5ad7e5edbf0f02cf685d646a83a08d404726af5084",
                "sha256:c0414d5a56297d37f3db96a84034d61ce29889b9eaccf65eb98a0b39441fcaa3"
            ],
            "index": "pypi",
            "version": "==0.20.4"
        },
        "tortoise-orm": {
            "hashes": [
                "sha256:0ff278d76bec2e41beb14ea63f99ea6d473ee9d50fef68224a51954e5b38d39f",
                "sha256:a89fef639d24cfabf1bcc43eb0b4657dbe9c277d01378a90eb2d370fb9dc03dd"
            ],
            "index": "pypi",
            "version": "==0.19.1"
        },
        "typing-extensions": {
            "hashes": [
                "sha256:6657594ee297170d19f67d55c05852a874e7eb634f4f753dbd667855e07c1708",
                "sha256:f1c24655a0da0d1b67f07e17a5e6b2a105894e6824b92096378bb3668ef02376"
            ],
            "markers": "python_version >= '3.7'",
            "version": "==4.2.0"
        },
        "uvicorn": {
            "hashes": [
                "sha256:c19a057deb1c5bb060946e2e5c262fc01590c6529c0af2c3d9ce941e89bc30e0",
                "sha256:cade07c403c397f9fe275492a48c1b869efd175d5d8a692df649e6e7e2ed8f4e"
            ],
            "index": "pypi",
            "version": "==0.18.2"
        }
    },
    "develop": {}
}
