{
    "_meta": {
        "hash": {
            "sha256": "8dce96b004eb88aa9833a2833cba97a72aeb6f74d8ecb324fe8eb8e7193fffd9"
        },
        "pipfile-spec": 6,
        "requires": {
            "python_version": "3.10"
        },
        "sources": [
            {
                "name": "pypi",
                "url": "https://pypi.org/simple",
                "verify_ssl": true
            }
        ]
    },
    "default": {
        "aiosqlite": {
            "hashes": [
                "sha256:6c49dc6d3405929b1d08eeccc72306d3677503cc5e5e43771efc1e00232e8231",
                "sha256:f0e6acc24bc4864149267ac82fb46dfb3be4455f99fe21df82609cc6e6baee51"
            ],
            "markers": "python_full_version >= '3.6.0'",
            "version": "==0.17.0"
        },
        "anyio": {
            "hashes": [
                "sha256:413adf95f93886e442aea925f3ee43baa5a765a64a0f52c6081894f9992fdd0b",
                "sha256:cb29b9c70620506a9a8f87a309591713446953302d7d995344d0d7c6c0c9a7be"
            ],
            "markers": "python_full_version >= '3.6.2'",
            "version": "==3.6.1"
        },
        "asyncpg": {
            "hashes": [
                "sha256:03f44926fa7ff7ccd59e98f05c7e227e9de15332a7da5bbcef3654bf468ee597",
                "sha256:050e339694f8c5d9aebcf326ca26f6622ef23963a6a3a4f97aeefc743954afd5",
                "sha256:0de408626cfc811ef04f372debfcdd5e4ab5aeb358f2ff14d1bdc246ed6272b5",
                "sha256:235205b60d4d014921f7b1cdca0e19669a9a8978f7606b3eb8237ca95f8e716e",
                "sha256:2ed3880b3aec8bda90548218fe0914d251d641f798382eda39a17abfc4910af0",
                "sha256:3ecbe8ed3af4c739addbfbd78f7752866cce2c4e9cc3f953556e4960349ae360",
                "sha256:49fc7220334cc31d14866a0b77a575d6a5945c0fa3bb67f17304e8b838e2a02b",
                "sha256:4b4051012ca75defa9a1dc6b78185ca58cdc3a247187eb76a6bcf55dfaa2fad4",
                "sha256:6d60f15a0ac18c54a6ca6507c28599c06e2e87a0901e7b548f15243d71905b18",
                "sha256:7129bd809990fd119e8b2b9982e80be7712bb6041cd082be3e415e60e5e2e98f",
                "sha256:77e684a24fee17ba3e487ca982d0259ed17bae1af68006f4cf284b23ba20ea2c",
                "sha256:838e4acd72da370ad07243898e886e93d3c0c9413f4444d600ba60a5cc206014",
                "sha256:868a71704262834065ca7113d80b1f679609e2df77d837747e3d92150dd5a39b",
                "sha256:8e1e79f0253cbd51fc43c4d0ce8804e46ee71f6c173fdc75606662ad18756b52",
                "sha256:9acb22a7b6bcca0d80982dce3d67f267d43e960544fb5dd934fd3abe20c48014",
                "sha256:a254d09a3a989cc1839ba2c34448b879cdd017b528a0cda142c92fbb6c13d957",
                "sha256:b0c3f39ebfac06848ba3f1e280cb1fada7cc1229538e3dad3146e8d1f9deb92a",
                "sha256:b1f7b173af649b85126429e11a628d01a5b75973d2a55d64dba19ad8f0e9f904",
                "sha256:d156e53b329e187e2dbfca8c28c999210045c45ef22a200b50de9b9e520c2694",
                "sha256:d96cf93e01df9fb03cef5f62346587805e6c0ca6f654c23b8d35315bdc69af59",
                "sha256:e550d8185f2c4725c1e8d3c555fe668b41bd092143012ddcc5343889e1c2a13d",
                "sha256:e5bd99ee7a00e87df97b804f178f31086e88c8106aca9703b1d7be5078999e68",
                "sha256:ede1a3a2c377fe12a3930f4b4dd5340e8b32929541d5db027a21816852723438",
                "sha256:efe056fd22fc6ed5c1ab353b6510808409566daac4e6f105e2043797f17b8dad",
                "sha256:f3ce7d8c0ab4639bbf872439eba86ef62dd030b245ad0e17c8c675d93d7a6b2d",
                "sha256:f92d501bf213b16fabad4fbb0061398d2bceae30ddc228e7314c28dcc6641b79"
            ],
            "index": "pypi",
            "version": "==0.26.0"
        },
        "click": {
            "hashes": [
                "sha256:7682dc8afb30297001674575ea00d1814d808d6a36af415a82bd481d37ba7b8e",
                "sha256:bb4d8133cb15a609f44e8213d9b391b0809795062913b383c62be0ee95b1db48"
            ],
            "markers": "python_version >= '3.7'",
            "version": "==8.1.3"
        },
        "h11": {
            "hashes": [
                "sha256:70813c1135087a248a4d38cc0e1a0181ffab2188141a93eaf567940c3957ff06",
                "sha256:8ddd78563b633ca55346c8cd41ec0af27d3c79931828beffb46ce70a379e7442"
            ],
            "markers": "python_full_version >= '3.6.0'",
            "version": "==0.13.0"
        },
        "idna": {
            "hashes": [
                "sha256:84d9dd047ffa80596e0f246e2eab0b391788b0503584e8945f2368256d2735ff",
                "sha256:9d643ff0a55b762d5cdb124b8eaa99c66322e2157b69160bc32796e824360e6d"
            ],
            "markers": "python_version >= '3.5'",
            "version": "==3.3"
        },
        "iso8601": {
            "hashes": [
                "sha256:27f503220e6845d9db954fb212b95b0362d8b7e6c1b2326a87061c3de93594b1",
                "sha256:d7bc01b1c2a43b259570bb307f057abc578786ea734ba2b87b836c5efc5bd443"
            ],
            "markers": "python_version < '4.0' and python_full_version >= '3.6.2'",
            "version": "==1.0.2"
        },
        "marshmallow": {
            "hashes": [
                "sha256:00040ab5ea0c608e8787137627a8efae97fabd60552a05dc889c888f814e75eb",
                "sha256:635fb65a3285a31a30f276f30e958070f5214c7196202caa5c7ecf28f5274bc7"
            ],
            "markers": "python_version >= '3.7'",
            "version": "==3.17.0"
        },
        "marshmallow-jsonapi": {
            "hashes": [
                "sha256:b7403688297dfe8b89173582811989badbe1328ac36447c5a151c006fbe34d24",
                "sha256:bd88c0ac0e2ddeb0a3ceb86229963b9f828d898041f29d92a68f585a1feb37b5"
            ],
            "index": "pypi",
            "version": "==0.24.0"
        },
        "orjson": {
            "hashes": [
                "sha256:0033c7279f0ffa2720d72a6234a1d22c86c13bf5217a99c5ba523a0aebb27b75",
                "sha256:092fde5b1768ca68af0d3764746e93b4b7200050fdd9c1ea044fd106e2379951",
                "sha256:2850cf49537c246000f5f89555d6fb7042bb4612214605a60bea89cbe0add213",
                "sha256:2c43fd0317a7114e617f5b8aefd0d0a61b387927a1914b79ebd0d1235c658f5b",
                "sha256:313bcab8cd59d61e12bbf76a9b5f3eaf50848e3fb370a54f712ad3e3e0a48165",
                "sha256:3e9b1f19b408199af4d4ad590f6935ba77342a3fe1d64cbbfe428025a03a2405",
                "sha256:3f9fbf760c6612d08a4ea873e4fab1e657f826834deda58c2ba1406ef150b1b6",
                "sha256:559f40a91bfde23137e107f2f8baaf0bef35e066d0b35dcf4e1dac8bc83a05b3",
                "sha256:5c8141895c8b0a8b4d0bc1879d1c1e3ec3f7d7e29e0bd8a0146ef3f9cf13c325",
                "sha256:5f20d0d48335262ca3695f98599446bf5ca8825193d1f4bf6eb08fb0c414befa",
                "sha256:5ff90b571023787dcbb504a1695ad137149df30d213128b1aa02fc82dd12a526",
                "sha256:6340e57fece4fa0eebd1e5c48e2c844b329491d97bfe6843149eb45365ff837a",
                "sha256:657ce6d735dc3a6fba5043d831e769698db849915d581dd4d1e62fcc2eaed876",
                "sha256:6a743e05de78758f9ff81a4e705e6226b06a5f8abba63b39cb0f56926c2045c5",
                "sha256:6e5ea0fcf3452cd19ad34b37ca6279c4395b859c77fe1cf7e26d31a3e6ebafd5",
                "sha256:6fbf29bb7897d345bd0120c466cd923c70a5d661144221457cbed637f4c93d1b",
                "sha256:70cffd48faafabdd7e42f35e38731c43200d525fdbabc587b1e2aa731d182f85",
                "sha256:7f80825fa7a48c4abcd636d3c182a71ad1cb548db66b8aafad50dfd328c29ae0",
                "sha256:891c0f2cb44beafa911cf7e15165dee8b8acaa5b48a75abaf37d529e1de68344",
                "sha256:8c30ad18fad795690527b030cfed3e8402ebe3a15e7a1a779a00acc0b3587e89",
                "sha256:8da26f1fd335e466e79779571326679b179bb7cf3cce9750bf9c1077e9298a6f",
                "sha256:9f7f420ab7efde90c7277e92dccf217b4bac628b044fdc857888cdba23126214",
                "sha256:a34002a6b6eb105d3ac493368f0a8911ab8e5f005282d43cc75912bbbdf50734",
                "sha256:aee6715db93b3d743adc69f55ed20df6a782b5e354d26a7817e507e2bd6d2231",
                "sha256:b6a6d00e917e1844d3a9b6ed68d31f824d98e1e4a3578618dd146db58b5d901b",
                "sha256:ba48e06659c43ed6658f203893b74b4e8392231959bcb2421fdde39eca62520c",
                "sha256:c1e8489d50bb0cffb5ccb70c3459f79dee1aeb997abfd97751d3862b32bce412",
                "sha256:ce3acc906a6aa7923bc7c78472196b2b7cf7c160aff01946984d51fcde9e9483",
                "sha256:d8f1aa7fd08f001b5f13d0c8c862609bb7de7291b256630f97590eb7c78d2dda",
                "sha256:d9af18e8200b500585627414ec7b0806b5b569a318d6c84447afb02e7eae5bfa",
                "sha256:dbf716120886776706781c2c05ebbc254355e384bfe387b76ca07ee97da6fbfc",
                "sha256:e8bfad95df150d95ca67a4484d9f56e2bd0a932a5eb4635bbb5cd45130ca9251",
                "sha256:ea0f6da9089e155acf234c0cd0883f84812547174be8d0fef478bce2b00bd6f9",
                "sha256:ea3eaa8823bbbaae7af9669ca68b0e0bd794ee0938900d73f5f321fb13bb5ab5",
                "sha256:ead2c1dce61c2e3bad31af48c2dccbbc23c55bbe70870af437203a7c4b229bae",
                "sha256:ee2cd3ac6283832d93085910df8367a469bd9dbfafeb8d4dc8c5cc8648bf965c",
                "sha256:f0c512efeee1fb94426b1e4c64f07c4af5eec08b96cf4835c3a05ad395e0b83a",
                "sha256:fa9451779dba8546962bc02ce2aeed9de6e069f7101f8db2784beaf71ede4dd0"
            ],
            "index": "pypi",
            "version": "==3.7.7"
        },
        "packaging": {
            "hashes": [
                "sha256:dd47c42927d89ab911e606518907cc2d3a1f38bbd026385970643f9c5b8ecfeb",
                "sha256:ef103e05f519cdc783ae24ea4e2e0f508a9c99b2d4969652eed6a2e1ea5bd522"
            ],
            "markers": "python_full_version >= '3.6.0'",
            "version": "==21.3"
        },
        "pyparsing": {
            "hashes": [
                "sha256:2b020ecf7d21b687f219b71ecad3631f644a47f01403fa1d1036b0c6416d70fb",
                "sha256:5026bae9a10eeaefb61dab2f09052b9f4307d44aee4eda64b309723d8d206bbc"
            ],
            "markers": "python_full_version >= '3.6.8'",
            "version": "==3.0.9"
        },
        "pypika-tortoise": {
            "hashes": [
                "sha256:2d68bbb7e377673743cff42aa1059f3a80228d411fbcae591e4465e173109fd8",
                "sha256:d802868f479a708e3263724c7b5719a26ad79399b2a70cea065f4a4cadbebf36"
            ],
            "markers": "python_version >= '3.7' and python_version < '4.0'",
            "version": "==0.1.6"
        },
        "pytz": {
            "hashes": [
                "sha256:1e760e2fe6a8163bc0b3d9a19c4f84342afa0a2affebfaa84b01b978a02ecaa7",
                "sha256:e68985985296d9a66a881eb3193b0906246245294a881e7c8afe623866ac6a5c"
            ],
            "version": "==2022.1"
        },
        "sniffio": {
            "hashes": [
                "sha256:471b71698eac1c2112a40ce2752bb2f4a4814c22a54a3eed3676bc0f5ca9f663",
                "sha256:c4666eecec1d3f50960c6bdf61ab7bc350648da6c126e3cf6898d8cd4ddcd3de"
            ],
            "markers": "python_version >= '3.5'",
            "version": "==1.2.0"
        },
        "starlette": {
            "hashes": [
                "sha256:42fcf3122f998fefce3e2c5ad7e5edbf0f02cf685d646a83a08d404726af5084",
                "sha256:c0414d5a56297d37f3db96a84034d61ce29889b9eaccf65eb98a0b39441fcaa3"
            ],
            "index": "pypi",
            "version": "==0.20.4"
        },
        "tortoise-orm": {
            "hashes": [
                "sha256:a99b8c9f42d5cd49493c70471b5c9a5df8ecf49cc624f2f41b9dc75bba993ac5",
                "sha256:bff4d79abfca7fb805972bb2438e8e0cd2e6590bc2cfd7593a803518a027bbf0"
            ],
            "index": "pypi",
            "version": "==0.19.2"
        },
        "typing-extensions": {
            "hashes": [
                "sha256:25642c956049920a5aa49edcdd6ab1e06d7e5d467fc00e0506c44ac86fbfca02",
                "sha256:e6d2677a32f47fc7eb2795db1dd15c1f34eff616bcaf2cfb5e997f854fa1c4a6"
            ],
            "markers": "python_version >= '3.7'",
            "version": "==4.3.0"
        },
        "uvicorn": {
            "hashes": [
                "sha256:c19a057deb1c5bb060946e2e5c262fc01590c6529c0af2c3d9ce941e89bc30e0",
                "sha256:cade07c403c397f9fe275492a48c1b869efd175d5d8a692df649e6e7e2ed8f4e"
            ],
            "index": "pypi",
            "version": "==0.18.2"
        }
    },
    "develop": {
        "mypy": {
            "hashes": [
                "sha256:006be38474216b833eca29ff6b73e143386f352e10e9c2fbe76aa8549e5554f5",
                "sha256:03c6cc893e7563e7b2949b969e63f02c000b32502a1b4d1314cabe391aa87d66",
                "sha256:0e9f70df36405c25cc530a86eeda1e0867863d9471fe76d1273c783df3d35c2e",
                "sha256:1ece702f29270ec6af25db8cf6185c04c02311c6bb21a69f423d40e527b75c56",
                "sha256:3e09f1f983a71d0672bbc97ae33ee3709d10c779beb613febc36805a6e28bb4e",
                "sha256:439c726a3b3da7ca84a0199a8ab444cd8896d95012c4a6c4a0d808e3147abf5d",
                "sha256:5a0b53747f713f490affdceef835d8f0cb7285187a6a44c33821b6d1f46ed813",
                "sha256:5f1332964963d4832a94bebc10f13d3279be3ce8f6c64da563d6ee6e2eeda932",
                "sha256:63e85a03770ebf403291ec50097954cc5caf2a9205c888ce3a61bd3f82e17569",
                "sha256:64759a273d590040a592e0f4186539858c948302c653c2eac840c7a3cd29e51b",
                "sha256:697540876638ce349b01b6786bc6094ccdaba88af446a9abb967293ce6eaa2b0",
                "sha256:9940e6916ed9371809b35b2154baf1f684acba935cd09928952310fbddaba648",
                "sha256:9f5f5a74085d9a81a1f9c78081d60a0040c3efb3f28e5c9912b900adf59a16e6",
                "sha256:a5ea0875a049de1b63b972456542f04643daf320d27dc592d7c3d9cd5d9bf950",
                "sha256:b117650592e1782819829605a193360a08aa99f1fc23d1d71e1a75a142dc7e15",
                "sha256:b24be97351084b11582fef18d79004b3e4db572219deee0212078f7cf6352723",
                "sha256:b88f784e9e35dcaa075519096dc947a388319cb86811b6af621e3523980f1c8a",
                "sha256:bdd5ca340beffb8c44cb9dc26697628d1b88c6bddf5c2f6eb308c46f269bb6f3",
                "sha256:d5aaf1edaa7692490f72bdb9fbd941fbf2e201713523bdb3f4038be0af8846c6",
                "sha256:e999229b9f3198c0c880d5e269f9f8129c8862451ce53a011326cad38b9ccd24",
                "sha256:f4a21d01fc0ba4e31d82f0fff195682e29f9401a8bdb7173891070eb260aeb3b",
                "sha256:f4b794db44168a4fc886e3450201365c9526a522c46ba089b55e1f11c163750d",
                "sha256:f730d56cb924d371c26b8eaddeea3cc07d78ff51c521c6d04899ac6904b75492"
            ],
            "index": "pypi",
            "version": "==0.961"
        },
        "mypy-extensions": {
            "hashes": [
                "sha256:090fedd75945a69ae91ce1303b5824f428daf5a028d2f6ab8a299250a846f15d",
                "sha256:2d82818f5bb3e369420cb3c4060a7970edba416647068eb4c5343488a6c604a8"
            ],
            "version": "==0.4.3"
        },
        "tomli": {
            "hashes": [
                "sha256:939de3e7a6161af0c887ef91b7d41a53e7c5a1ca976325f429cb46ea9bc30ecc",
                "sha256:de526c12914f0c550d15924c62d72abc48d6fe7364aa87328337a31007fe8a4f"
            ],
            "markers": "python_version < '3.11'",
            "version": "==2.0.1"
        },
        "typing-extensions": {
            "hashes": [
                "sha256:25642c956049920a5aa49edcdd6ab1e06d7e5d467fc00e0506c44ac86fbfca02",
                "sha256:e6d2677a32f47fc7eb2795db1dd15c1f34eff616bcaf2cfb5e997f854fa1c4a6"
            ],
            "markers": "python_version >= '3.7'",
            "version": "==4.3.0"
        }
    }
}
